PODS:
  - boost-for-react-native (1.63.0)
  - DoubleConversion (1.1.6)
  - FBLazyVector (0.67.4)
  - FBReactNativeSpec (0.67.4):
    - RCT-Folly (= 2021.06.28.00-v2)
    - RCTRequired (= 0.67.4)
    - RCTTypeSafety (= 0.67.4)
    - React-Core (= 0.67.4)
    - React-jsi (= 0.67.4)
    - ReactCommon/turbomodule/core (= 0.67.4)
  - fmt (6.2.1)
  - glog (0.3.5)
  - MyReactNativePod (1.0.0):
    - DoubleConversion (= 1.1.6)
    - glog (= 0.3.5)
    - RCT-Folly (= 2021.06.28.00-v2)
    - React (= 0.67.4)
    - React-Core (= 0.67.4)
    - React-CoreModules (= 0.67.4)
  - RCT-Folly (2021.06.28.00-v2):
    - boost-for-react-native
    - DoubleConversion
    - fmt (~> 6.2.1)
    - glog
    - RCT-Folly/Default (= 2021.06.28.00-v2)
  - RCT-Folly/Default (2021.06.28.00-v2):
    - boost-for-react-native
    - DoubleConversion
    - fmt (~> 6.2.1)
    - glog
  - RCTRequired (0.67.4)
  - RCTTypeSafety (0.67.4):
    - FBLazyVector (= 0.67.4)
    - RCT-Folly (= 2021.06.28.00-v2)
    - RCTRequired (= 0.67.4)
    - React-Core (= 0.67.4)
  - React (0.67.4):
    - React-Core (= 0.67.4)
    - React-Core/DevSupport (= 0.67.4)
    - React-Core/RCTWebSocket (= 0.67.4)
    - React-RCTActionSheet (= 0.67.4)
    - React-RCTAnimation (= 0.67.4)
    - React-RCTBlob (= 0.67.4)
    - React-RCTImage (= 0.67.4)
    - React-RCTLinking (= 0.67.4)
    - React-RCTNetwork (= 0.67.4)
    - React-RCTSettings (= 0.67.4)
    - React-RCTText (= 0.67.4)
    - React-RCTVibration (= 0.67.4)
  - React-callinvoker (0.67.4)
  - React-Core (0.67.4):
    - glog
    - RCT-Folly (= 2021.06.28.00-v2)
    - React-Core/Default (= 0.67.4)
    - React-cxxreact (= 0.67.4)
    - React-jsi (= 0.67.4)
    - React-jsiexecutor (= 0.67.4)
    - React-perflogger (= 0.67.4)
    - Yoga
  - React-Core/CoreModulesHeaders (0.67.4):
    - glog
    - RCT-Folly (= 2021.06.28.00-v2)
    - React-Core/Default
    - React-cxxreact (= 0.67.4)
    - React-jsi (= 0.67.4)
    - React-jsiexecutor (= 0.67.4)
    - React-perflogger (= 0.67.4)
    - Yoga
  - React-Core/Default (0.67.4):
    - glog
    - RCT-Folly (= 2021.06.28.00-v2)
    - React-cxxreact (= 0.67.4)
    - React-jsi (= 0.67.4)
    - React-jsiexecutor (= 0.67.4)
    - React-perflogger (= 0.67.4)
    - Yoga
  - React-Core/DevSupport (0.67.4):
    - glog
    - RCT-Folly (= 2021.06.28.00-v2)
    - React-Core/Default (= 0.67.4)
    - React-Core/RCTWebSocket (= 0.67.4)
    - React-cxxreact (= 0.67.4)
    - React-jsi (= 0.67.4)
    - React-jsiexecutor (= 0.67.4)
    - React-jsinspector (= 0.67.4)
    - React-perflogger (= 0.67.4)
    - Yoga
  - React-Core/RCTActionSheetHeaders (0.67.4):
    - glog
    - RCT-Folly (= 2021.06.28.00-v2)
    - React-Core/Default
    - React-cxxreact (= 0.67.4)
    - React-jsi (= 0.67.4)
    - React-jsiexecutor (= 0.67.4)
    - React-perflogger (= 0.67.4)
    - Yoga
  - React-Core/RCTAnimationHeaders (0.67.4):
    - glog
    - RCT-Folly (= 2021.06.28.00-v2)
    - React-Core/Default
    - React-cxxreact (= 0.67.4)
    - React-jsi (= 0.67.4)
    - React-jsiexecutor (= 0.67.4)
    - React-perflogger (= 0.67.4)
    - Yoga
  - React-Core/RCTBlobHeaders (0.67.4):
    - glog
    - RCT-Folly (= 2021.06.28.00-v2)
    - React-Core/Default
    - React-cxxreact (= 0.67.4)
    - React-jsi (= 0.67.4)
    - React-jsiexecutor (= 0.67.4)
    - React-perflogger (= 0.67.4)
    - Yoga
  - React-Core/RCTImageHeaders (0.67.4):
    - glog
    - RCT-Folly (= 2021.06.28.00-v2)
    - React-Core/Default
    - React-cxxreact (= 0.67.4)
    - React-jsi (= 0.67.4)
    - React-jsiexecutor (= 0.67.4)
    - React-perflogger (= 0.67.4)
    - Yoga
  - React-Core/RCTLinkingHeaders (0.67.4):
    - glog
    - RCT-Folly (= 2021.06.28.00-v2)
    - React-Core/Default
    - React-cxxreact (= 0.67.4)
    - React-jsi (= 0.67.4)
    - React-jsiexecutor (= 0.67.4)
    - React-perflogger (= 0.67.4)
    - Yoga
  - React-Core/RCTNetworkHeaders (0.67.4):
    - glog
    - RCT-Folly (= 2021.06.28.00-v2)
    - React-Core/Default
    - React-cxxreact (= 0.67.4)
    - React-jsi (= 0.67.4)
    - React-jsiexecutor (= 0.67.4)
    - React-perflogger (= 0.67.4)
    - Yoga
  - React-Core/RCTSettingsHeaders (0.67.4):
    - glog
    - RCT-Folly (= 2021.06.28.00-v2)
    - React-Core/Default
    - React-cxxreact (= 0.67.4)
    - React-jsi (= 0.67.4)
    - React-jsiexecutor (= 0.67.4)
    - React-perflogger (= 0.67.4)
    - Yoga
  - React-Core/RCTTextHeaders (0.67.4):
    - glog
    - RCT-Folly (= 2021.06.28.00-v2)
    - React-Core/Default
    - React-cxxreact (= 0.67.4)
    - React-jsi (= 0.67.4)
    - React-jsiexecutor (= 0.67.4)
    - React-perflogger (= 0.67.4)
    - Yoga
  - React-Core/RCTVibrationHeaders (0.67.4):
    - glog
    - RCT-Folly (= 2021.06.28.00-v2)
    - React-Core/Default
    - React-cxxreact (= 0.67.4)
    - React-jsi (= 0.67.4)
    - React-jsiexecutor (= 0.67.4)
    - React-perflogger (= 0.67.4)
    - Yoga
  - React-Core/RCTWebSocket (0.67.4):
    - glog
    - RCT-Folly (= 2021.06.28.00-v2)
    - React-Core/Default (= 0.67.4)
    - React-cxxreact (= 0.67.4)
    - React-jsi (= 0.67.4)
    - React-jsiexecutor (= 0.67.4)
    - React-perflogger (= 0.67.4)
    - Yoga
  - React-CoreModules (0.67.4):
    - FBReactNativeSpec (= 0.67.4)
    - RCT-Folly (= 2021.06.28.00-v2)
    - RCTTypeSafety (= 0.67.4)
    - React-Core/CoreModulesHeaders (= 0.67.4)
    - React-jsi (= 0.67.4)
    - React-RCTImage (= 0.67.4)
    - ReactCommon/turbomodule/core (= 0.67.4)
  - React-cxxreact (0.67.4):
    - boost-for-react-native (= 1.63.0)
    - DoubleConversion
    - glog
    - RCT-Folly (= 2021.06.28.00-v2)
    - React-callinvoker (= 0.67.4)
    - React-jsi (= 0.67.4)
    - React-jsinspector (= 0.67.4)
    - React-logger (= 0.67.4)
    - React-perflogger (= 0.67.4)
    - React-runtimeexecutor (= 0.67.4)
  - React-jsi (0.67.4):
    - boost-for-react-native (= 1.63.0)
    - DoubleConversion
    - glog
    - RCT-Folly (= 2021.06.28.00-v2)
    - React-jsi/Default (= 0.67.4)
  - React-jsi/Default (0.67.4):
    - boost-for-react-native (= 1.63.0)
    - DoubleConversion
    - glog
    - RCT-Folly (= 2021.06.28.00-v2)
  - React-jsiexecutor (0.67.4):
    - DoubleConversion
    - glog
    - RCT-Folly (= 2021.06.28.00-v2)
    - React-cxxreact (= 0.67.4)
    - React-jsi (= 0.67.4)
    - React-perflogger (= 0.67.4)
  - React-jsinspector (0.67.4)
  - React-logger (0.67.4):
    - glog
  - React-perflogger (0.67.4)
  - React-RCTActionSheet (0.67.4):
    - React-Core/RCTActionSheetHeaders (= 0.67.4)
  - React-RCTAnimation (0.67.4):
    - FBReactNativeSpec (= 0.67.4)
    - RCT-Folly (= 2021.06.28.00-v2)
    - RCTRequired (= 0.67.4)
    - RCTTypeSafety (= 0.67.4)
    - React-Core (= 0.67.4)
    - React-Core/RCTAnimationHeaders (= 0.67.4)
    - React-jsi (= 0.67.4)
    - ReactCommon/turbomodule/core (= 0.67.4)
  - React-RCTBlob (0.67.4):
    - FBReactNativeSpec (= 0.67.4)
    - RCT-Folly (= 2021.06.28.00-v2)
    - React-Core/RCTBlobHeaders (= 0.67.4)
    - React-Core/RCTWebSocket (= 0.67.4)
    - React-jsi (= 0.67.4)
    - React-RCTNetwork (= 0.67.4)
    - ReactCommon/turbomodule/core (= 0.67.4)
  - React-RCTImage (0.67.4):
    - FBReactNativeSpec (= 0.67.4)
    - RCT-Folly (= 2021.06.28.00-v2)
    - RCTTypeSafety (= 0.67.4)
    - React-Core/RCTImageHeaders (= 0.67.4)
    - React-jsi (= 0.67.4)
    - React-RCTNetwork (= 0.67.4)
    - ReactCommon/turbomodule/core (= 0.67.4)
  - React-RCTLinking (0.67.4):
    - FBReactNativeSpec (= 0.67.4)
    - React-Core/RCTLinkingHeaders (= 0.67.4)
    - React-jsi (= 0.67.4)
    - ReactCommon/turbomodule/core (= 0.67.4)
  - React-RCTNetwork (0.67.4):
    - FBReactNativeSpec (= 0.67.4)
    - RCT-Folly (= 2021.06.28.00-v2)
    - RCTTypeSafety (= 0.67.4)
    - React-Core (= 0.67.4)
    - React-Core/RCTNetworkHeaders (= 0.67.4)
    - React-jsi (= 0.67.4)
    - ReactCommon/turbomodule/core (= 0.67.4)
  - React-RCTSettings (0.67.4):
    - FBReactNativeSpec (= 0.67.4)
    - RCT-Folly (= 2021.06.28.00-v2)
    - RCTTypeSafety (= 0.67.4)
    - React-Core/RCTSettingsHeaders (= 0.67.4)
    - React-jsi (= 0.67.4)
    - ReactCommon/turbomodule/core (= 0.67.4)
  - React-RCTText (0.67.4):
    - React-Core/RCTTextHeaders (= 0.67.4)
  - React-RCTVibration (0.67.4):
    - FBReactNativeSpec (= 0.67.4)
    - RCT-Folly (= 2021.06.28.00-v2)
    - React-Core/RCTVibrationHeaders (= 0.67.4)
    - React-jsi (= 0.67.4)
    - ReactCommon/turbomodule/core (= 0.67.4)
  - React-runtimeexecutor (0.67.4):
    - React-jsi (= 0.67.4)
  - ReactCommon/turbomodule/core (0.67.4):
    - DoubleConversion
    - glog
    - RCT-Folly (= 2021.06.28.00-v2)
    - React-callinvoker (= 0.67.4)
    - React-Core (= 0.67.4)
    - React-cxxreact (= 0.67.4)
    - React-jsi (= 0.67.4)
    - React-logger (= 0.67.4)
    - React-perflogger (= 0.67.4)
  - Yoga (1.14.0)

DEPENDENCIES:
  - MyReactNativePod (from `../`)

SPEC REPOS:
  https://github.com/CocoaPods/Specs.git:
    - boost-for-react-native
    - fmt
  https://github.com/Limvunhoy/wm-rn-private-repo:
    - DoubleConversion
    - FBLazyVector
    - FBReactNativeSpec
    - glog
    - RCT-Folly
    - RCTRequired
    - RCTTypeSafety
    - React
    - React-callinvoker
    - React-Core
    - React-CoreModules
    - React-cxxreact
    - React-jsi
    - React-jsiexecutor
    - React-jsinspector
    - React-logger
    - React-perflogger
    - React-RCTActionSheet
    - React-RCTAnimation
    - React-RCTBlob
    - React-RCTImage
    - React-RCTLinking
    - React-RCTNetwork
    - React-RCTSettings
    - React-RCTText
    - React-RCTVibration
    - React-runtimeexecutor
    - ReactCommon
    - Yoga

EXTERNAL SOURCES:
  MyReactNativePod:
    :path: "../"

SPEC CHECKSUMS:
  boost-for-react-native: 39c7adb57c4e60d6c5479dd8623128eb5b3f0f2c
  DoubleConversion: ce84ba0c112356ba3f97ecf8fdd6263a35b2683c
  FBLazyVector: 0e8807f53d869dd75f1376faca746ecf41d53e27
  FBReactNativeSpec: 5597bc5cade1ce11898af70daf99d886e6fa3143
  fmt: ff9d55029c625d3757ed641535fd4a75fedc7ce9
  glog: fdcb6b0f557959ef57219d0d6db012b65cc7fd17
  MyReactNativePod: 2eed8a690027f70fcc73d0516418c3a41d5b8441
  RCT-Folly: a42f60d1b61f3f09d220366e55fbe6ed4328a728
  RCTRequired: 2ef1e289e7d9dd6c4d9c4b47cdcf0d44afc2f20f
  RCTTypeSafety: 44193b76e219697d64b64ef6b1dfe6af32837ef7
  React: 11e74421d087661154284bc6fa8a324d7bd1f44f
  React-callinvoker: 89be4ebcc1ff7fea00a77184663ea2b863045e55
  React-Core: c174ff59ebf0dda29ba1789bf9e78ea9fa268b0f
  React-CoreModules: f49c0993777f7d336f86ab52eca2044921342a15
  React-cxxreact: 9d28647824ff56629a32ddd3284002514467395b
  React-jsi: 5d8841553c77e52b1a3aacf1038eac677d3a4b3d
  React-jsiexecutor: d1c319ce77bcfbe6fdab564de6fb9ae227721661
  React-jsinspector: a83b651ef21e1b1ce2719a36d089ecd4b96b98d4
  React-logger: 06ee6c0681f75ade608323a6d1936d3654cff32e
  React-perflogger: ec1884056bf98900dfd132609ff277ab47155853
  React-RCTActionSheet: deffaba65c47f7b7ea106ab515a400424870748e
  React-RCTAnimation: bbe7fc2f76611212045060635f4a675c4a8e4cd5
  React-RCTBlob: f345f431539288da660d21011cade808f65e060f
  React-RCTImage: c46b9ac1162a8aa4677cdb2872e7926b22056bf0
  React-RCTLinking: 471ec44cac5e699d3928f67a1064313e5c7b10f0
  React-RCTNetwork: bda47b7b3d2805e7687130055f929cd7926841db
  React-RCTSettings: 607eec610db0478e82c1008436251e93e4eb6f06
  React-RCTText: 8b55494e7fa269af6f137a50d73f667175ec02e7
  React-RCTVibration: 770f6a69fbb1fdbbcb590dfb591a69671b83809a
  React-runtimeexecutor: 2b06e83d3be3f6b4fe918eb659e8e269d9031ddb
  ReactCommon: 6e3ab31afa38fa196b4b7a5392162edc5d8cd188
  Yoga: 16282c16ae3a1da744cad662f33255a05833cdab

PODFILE CHECKSUM: 6d89e8343723a8b2c4ca314250b8420ae1b3500c

COCOAPODS: 1.11.3
